
Microsoft Visual Studio Solution File, Format Version 12.00
# Visual Studio 2012
Project("{FAE04EC0-301F-11D3-BF4B-00C04F79EFBC}") = "producer", "producer\producer.csproj", "{2486ABF0-DDA2-4017-A88B-FC51186BD22E}"
EndProject
Global
	GlobalSection(SolutionConfigurationPlatforms) = preSolution
		Debug|Any CPU = Debug|Any CPU
		Release|Any CPU = Release|Any CPU
	EndGlobalSection
	GlobalSection(ProjectConfigurationPlatforms) = postSolution
		{2486ABF0-DDA2-4017-A88B-FC51186BD22E}.Debug|Any CPU.ActiveCfg = Debug|Any CPU
		{2486ABF0-DDA2-4017-A88B-FC51186BD22E}.Debug|Any CPU.Build.0 = Debug|Any CPU
		{2486ABF0-DDA2-4017-A88B-FC51186BD22E}.Release|Any CPU.ActiveCfg = Release|Any CPU
		{2486ABF0-DDA2-4017-A88B-FC51186BD22E}.Release|Any CPU.Build.0 = Release|Any CPU
	EndGlobalSection
	GlobalSection(SolutionProperties) = preSolution
		HideSolutionNode = FALSE
	EndGlobalSection
EndGlobal
