
Microsoft Visual Studio Solution File, Format Version 12.00
# Visual Studio 2012
Project("{FAE04EC0-301F-11D3-BF4B-00C04F79EFBC}") = "RDkafka_producer", "RDkafka_producer\RDkafka_producer.csproj", "{633802D8-4888-4979-B8AC-9B794D69D608}"
EndProject
Global
	GlobalSection(SolutionConfigurationPlatforms) = preSolution
		Debug|Any CPU = Debug|Any CPU
		Release|Any CPU = Release|Any CPU
	EndGlobalSection
	GlobalSection(ProjectConfigurationPlatforms) = postSolution
		{633802D8-4888-4979-B8AC-9B794D69D608}.Debug|Any CPU.ActiveCfg = Debug|Any CPU
		{633802D8-4888-4979-B8AC-9B794D69D608}.Debug|Any CPU.Build.0 = Debug|Any CPU
		{633802D8-4888-4979-B8AC-9B794D69D608}.Release|Any CPU.ActiveCfg = Release|Any CPU
		{633802D8-4888-4979-B8AC-9B794D69D608}.Release|Any CPU.Build.0 = Release|Any CPU
	EndGlobalSection
	GlobalSection(SolutionProperties) = preSolution
		HideSolutionNode = FALSE
	EndGlobalSection
EndGlobal
